
Microsoft Visual Studio Solution File, Format Version 12.00
Project("{FAE04EC0-301F-11D3-BF4B-00C04F79EFBC}") = "Day01", "Day01\Day01.csproj", "{073C4DD9-DD96-4360-A8FC-857393C42E6C}"
EndProject
Project("{FAE04EC0-301F-11D3-BF4B-00C04F79EFBC}") = "Day02", "Day02\Day02.csproj", "{7E3A7369-02C1-44C0-A40B-9B4BF59C37A1}"
EndProject
Project("{FAE04EC0-301F-11D3-BF4B-00C04F79EFBC}") = "Day03", "Day03\Day03.csproj", "{D8704346-EE5B-4A98-B220-F21B171740C9}"
EndProject
Project("{FAE04EC0-301F-11D3-BF4B-00C04F79EFBC}") = "Day04", "Day04\Day04.csproj", "{56FDA36B-B799-4C6E-BE67-6C87F6AC9765}"
EndProject
Project("{FAE04EC0-301F-11D3-BF4B-00C04F79EFBC}") = "Day05", "Day05\Day05.csproj", "{7A42D116-8F5D-46BC-8FFE-E3FBF11A317D}"
EndProject
Project("{FAE04EC0-301F-11D3-BF4B-00C04F79EFBC}") = "Day06", "Day06\Day06.csproj", "{DF44BC44-C36F-4A4C-9C98-47870BCDAFF3}"
EndProject
Project("{FAE04EC0-301F-11D3-BF4B-00C04F79EFBC}") = "Day07", "Day07\Day07.csproj", "{F8EE7FA5-E96A-465A-AFDA-F298AA85FF83}"
EndProject
Project("{FAE04EC0-301F-11D3-BF4B-00C04F79EFBC}") = "Day08", "Day08\Day08.csproj", "{3176F758-D24A-48D2-838A-956D94A07B40}"
EndProject
Project("{FAE04EC0-301F-11D3-BF4B-00C04F79EFBC}") = "Day09", "Day09\Day09.csproj", "{40F1A58E-33B3-464C-B11E-7DF0B284C125}"
EndProject
Project("{FAE04EC0-301F-11D3-BF4B-00C04F79EFBC}") = "Day10", "Day10\Day10.csproj", "{8FBA0C49-8DC9-4892-965F-9AE6E4FDA093}"
EndProject
Project("{FAE04EC0-301F-11D3-BF4B-00C04F79EFBC}") = "Day11", "Day11\Day11.csproj", "{22D0370C-5412-4DC4-B088-1C69236E7E30}"
EndProject
Project("{FAE04EC0-301F-11D3-BF4B-00C04F79EFBC}") = "Day12", "Day12\Day12.csproj", "{37CE2B34-5BBF-49CB-9975-00DF374F9BEB}"
EndProject
Project("{FAE04EC0-301F-11D3-BF4B-00C04F79EFBC}") = "Day13", "Day13\Day13.csproj", "{9E61DF79-02C4-4BA0-951F-4980F3FD1925}"
EndProject
Project("{FAE04EC0-301F-11D3-BF4B-00C04F79EFBC}") = "Day14", "Day14\Day14.csproj", "{96AE459C-440F-4655-A835-2070DFD4B7D9}"
EndProject
Project("{FAE04EC0-301F-11D3-BF4B-00C04F79EFBC}") = "Day15", "Day15\Day15.csproj", "{25D63044-EF03-42C8-A2D0-CE7D62439820}"
EndProject
Project("{FAE04EC0-301F-11D3-BF4B-00C04F79EFBC}") = "Day16", "Day16\Day16.csproj", "{CE9812AC-767A-4BEC-BF24-42BC239EE7CB}"
EndProject
Project("{FAE04EC0-301F-11D3-BF4B-00C04F79EFBC}") = "Day17", "Day17\Day17.csproj", "{32C33618-8A79-4862-9DBC-A3A70EFBCAA4}"
EndProject
Project("{FAE04EC0-301F-11D3-BF4B-00C04F79EFBC}") = "Day18", "Day18\Day18.csproj", "{5C1D5E59-A330-4C3C-ACFC-1F4980EE0425}"
EndProject
Project("{FAE04EC0-301F-11D3-BF4B-00C04F79EFBC}") = "Day19", "Day19\Day19.csproj", "{A4798C5F-CF0E-426B-A88F-32D8B1200F90}"
EndProject
Project("{FAE04EC0-301F-11D3-BF4B-00C04F79EFBC}") = "Day20", "Day20\Day20.csproj", "{0B8EB695-C16D-4E68-AEEE-7073F1D6BA80}"
EndProject
Project("{FAE04EC0-301F-11D3-BF4B-00C04F79EFBC}") = "Day21", "Day21\Day21.csproj", "{47B08FCB-A7F6-4FB9-97AA-EE20BC5CFC2D}"
EndProject
Project("{FAE04EC0-301F-11D3-BF4B-00C04F79EFBC}") = "Day22", "Day22\Day22.csproj", "{98A4623F-635F-47BA-841E-7A7016AE99A1}"
EndProject
Project("{FAE04EC0-301F-11D3-BF4B-00C04F79EFBC}") = "Day23", "Day23\Day23.csproj", "{74A6AB20-899E-4CDB-80DA-E390EFF46261}"
EndProject
Project("{FAE04EC0-301F-11D3-BF4B-00C04F79EFBC}") = "Day24", "Day24\Day24.csproj", "{AB1472E1-8D0C-4B9E-B80C-5B88F784E5A1}"
EndProject
Global
	GlobalSection(SolutionConfigurationPlatforms) = preSolution
		Debug|Any CPU = Debug|Any CPU
		Release|Any CPU = Release|Any CPU
	EndGlobalSection
	GlobalSection(ProjectConfigurationPlatforms) = postSolution
		{073C4DD9-DD96-4360-A8FC-857393C42E6C}.Debug|Any CPU.ActiveCfg = Debug|Any CPU
		{073C4DD9-DD96-4360-A8FC-857393C42E6C}.Debug|Any CPU.Build.0 = Debug|Any CPU
		{073C4DD9-DD96-4360-A8FC-857393C42E6C}.Release|Any CPU.ActiveCfg = Release|Any CPU
		{073C4DD9-DD96-4360-A8FC-857393C42E6C}.Release|Any CPU.Build.0 = Release|Any CPU
		{7E3A7369-02C1-44C0-A40B-9B4BF59C37A1}.Debug|Any CPU.ActiveCfg = Debug|Any CPU
		{7E3A7369-02C1-44C0-A40B-9B4BF59C37A1}.Debug|Any CPU.Build.0 = Debug|Any CPU
		{7E3A7369-02C1-44C0-A40B-9B4BF59C37A1}.Release|Any CPU.ActiveCfg = Release|Any CPU
		{7E3A7369-02C1-44C0-A40B-9B4BF59C37A1}.Release|Any CPU.Build.0 = Release|Any CPU
		{D8704346-EE5B-4A98-B220-F21B171740C9}.Debug|Any CPU.ActiveCfg = Debug|Any CPU
		{D8704346-EE5B-4A98-B220-F21B171740C9}.Debug|Any CPU.Build.0 = Debug|Any CPU
		{D8704346-EE5B-4A98-B220-F21B171740C9}.Release|Any CPU.ActiveCfg = Release|Any CPU
		{D8704346-EE5B-4A98-B220-F21B171740C9}.Release|Any CPU.Build.0 = Release|Any CPU
		{56FDA36B-B799-4C6E-BE67-6C87F6AC9765}.Debug|Any CPU.ActiveCfg = Debug|Any CPU
		{56FDA36B-B799-4C6E-BE67-6C87F6AC9765}.Debug|Any CPU.Build.0 = Debug|Any CPU
		{56FDA36B-B799-4C6E-BE67-6C87F6AC9765}.Release|Any CPU.ActiveCfg = Release|Any CPU
		{56FDA36B-B799-4C6E-BE67-6C87F6AC9765}.Release|Any CPU.Build.0 = Release|Any CPU
		{7A42D116-8F5D-46BC-8FFE-E3FBF11A317D}.Debug|Any CPU.ActiveCfg = Debug|Any CPU
		{7A42D116-8F5D-46BC-8FFE-E3FBF11A317D}.Debug|Any CPU.Build.0 = Debug|Any CPU
		{7A42D116-8F5D-46BC-8FFE-E3FBF11A317D}.Release|Any CPU.ActiveCfg = Release|Any CPU
		{7A42D116-8F5D-46BC-8FFE-E3FBF11A317D}.Release|Any CPU.Build.0 = Release|Any CPU
		{DF44BC44-C36F-4A4C-9C98-47870BCDAFF3}.Debug|Any CPU.ActiveCfg = Debug|Any CPU
		{DF44BC44-C36F-4A4C-9C98-47870BCDAFF3}.Debug|Any CPU.Build.0 = Debug|Any CPU
		{DF44BC44-C36F-4A4C-9C98-47870BCDAFF3}.Release|Any CPU.ActiveCfg = Release|Any CPU
		{DF44BC44-C36F-4A4C-9C98-47870BCDAFF3}.Release|Any CPU.Build.0 = Release|Any CPU
		{F8EE7FA5-E96A-465A-AFDA-F298AA85FF83}.Debug|Any CPU.ActiveCfg = Debug|Any CPU
		{F8EE7FA5-E96A-465A-AFDA-F298AA85FF83}.Debug|Any CPU.Build.0 = Debug|Any CPU
		{F8EE7FA5-E96A-465A-AFDA-F298AA85FF83}.Release|Any CPU.ActiveCfg = Release|Any CPU
		{F8EE7FA5-E96A-465A-AFDA-F298AA85FF83}.Release|Any CPU.Build.0 = Release|Any CPU
		{3176F758-D24A-48D2-838A-956D94A07B40}.Debug|Any CPU.ActiveCfg = Debug|Any CPU
		{3176F758-D24A-48D2-838A-956D94A07B40}.Debug|Any CPU.Build.0 = Debug|Any CPU
		{3176F758-D24A-48D2-838A-956D94A07B40}.Release|Any CPU.ActiveCfg = Release|Any CPU
		{3176F758-D24A-48D2-838A-956D94A07B40}.Release|Any CPU.Build.0 = Release|Any CPU
		{40F1A58E-33B3-464C-B11E-7DF0B284C125}.Debug|Any CPU.ActiveCfg = Debug|Any CPU
		{40F1A58E-33B3-464C-B11E-7DF0B284C125}.Debug|Any CPU.Build.0 = Debug|Any CPU
		{40F1A58E-33B3-464C-B11E-7DF0B284C125}.Release|Any CPU.ActiveCfg = Release|Any CPU
		{40F1A58E-33B3-464C-B11E-7DF0B284C125}.Release|Any CPU.Build.0 = Release|Any CPU
		{8FBA0C49-8DC9-4892-965F-9AE6E4FDA093}.Debug|Any CPU.ActiveCfg = Debug|Any CPU
		{8FBA0C49-8DC9-4892-965F-9AE6E4FDA093}.Debug|Any CPU.Build.0 = Debug|Any CPU
		{8FBA0C49-8DC9-4892-965F-9AE6E4FDA093}.Release|Any CPU.ActiveCfg = Release|Any CPU
		{8FBA0C49-8DC9-4892-965F-9AE6E4FDA093}.Release|Any CPU.Build.0 = Release|Any CPU
		{22D0370C-5412-4DC4-B088-1C69236E7E30}.Debug|Any CPU.ActiveCfg = Debug|Any CPU
		{22D0370C-5412-4DC4-B088-1C69236E7E30}.Debug|Any CPU.Build.0 = Debug|Any CPU
		{22D0370C-5412-4DC4-B088-1C69236E7E30}.Release|Any CPU.ActiveCfg = Release|Any CPU
		{22D0370C-5412-4DC4-B088-1C69236E7E30}.Release|Any CPU.Build.0 = Release|Any CPU
		{37CE2B34-5BBF-49CB-9975-00DF374F9BEB}.Debug|Any CPU.ActiveCfg = Debug|Any CPU
		{37CE2B34-5BBF-49CB-9975-00DF374F9BEB}.Debug|Any CPU.Build.0 = Debug|Any CPU
		{37CE2B34-5BBF-49CB-9975-00DF374F9BEB}.Release|Any CPU.ActiveCfg = Release|Any CPU
		{37CE2B34-5BBF-49CB-9975-00DF374F9BEB}.Release|Any CPU.Build.0 = Release|Any CPU
		{9E61DF79-02C4-4BA0-951F-4980F3FD1925}.Debug|Any CPU.ActiveCfg = Debug|Any CPU
		{9E61DF79-02C4-4BA0-951F-4980F3FD1925}.Debug|Any CPU.Build.0 = Debug|Any CPU
		{9E61DF79-02C4-4BA0-951F-4980F3FD1925}.Release|Any CPU.ActiveCfg = Release|Any CPU
		{9E61DF79-02C4-4BA0-951F-4980F3FD1925}.Release|Any CPU.Build.0 = Release|Any CPU
		{96AE459C-440F-4655-A835-2070DFD4B7D9}.Debug|Any CPU.ActiveCfg = Debug|Any CPU
		{96AE459C-440F-4655-A835-2070DFD4B7D9}.Debug|Any CPU.Build.0 = Debug|Any CPU
		{96AE459C-440F-4655-A835-2070DFD4B7D9}.Release|Any CPU.ActiveCfg = Release|Any CPU
		{96AE459C-440F-4655-A835-2070DFD4B7D9}.Release|Any CPU.Build.0 = Release|Any CPU
		{25D63044-EF03-42C8-A2D0-CE7D62439820}.Debug|Any CPU.ActiveCfg = Debug|Any CPU
		{25D63044-EF03-42C8-A2D0-CE7D62439820}.Debug|Any CPU.Build.0 = Debug|Any CPU
		{25D63044-EF03-42C8-A2D0-CE7D62439820}.Release|Any CPU.ActiveCfg = Release|Any CPU
		{25D63044-EF03-42C8-A2D0-CE7D62439820}.Release|Any CPU.Build.0 = Release|Any CPU
		{CE9812AC-767A-4BEC-BF24-42BC239EE7CB}.Debug|Any CPU.ActiveCfg = Debug|Any CPU
		{CE9812AC-767A-4BEC-BF24-42BC239EE7CB}.Debug|Any CPU.Build.0 = Debug|Any CPU
		{CE9812AC-767A-4BEC-BF24-42BC239EE7CB}.Release|Any CPU.ActiveCfg = Release|Any CPU
		{CE9812AC-767A-4BEC-BF24-42BC239EE7CB}.Release|Any CPU.Build.0 = Release|Any CPU
		{32C33618-8A79-4862-9DBC-A3A70EFBCAA4}.Debug|Any CPU.ActiveCfg = Debug|Any CPU
		{32C33618-8A79-4862-9DBC-A3A70EFBCAA4}.Debug|Any CPU.Build.0 = Debug|Any CPU
		{32C33618-8A79-4862-9DBC-A3A70EFBCAA4}.Release|Any CPU.ActiveCfg = Release|Any CPU
		{32C33618-8A79-4862-9DBC-A3A70EFBCAA4}.Release|Any CPU.Build.0 = Release|Any CPU
		{5C1D5E59-A330-4C3C-ACFC-1F4980EE0425}.Debug|Any CPU.ActiveCfg = Debug|Any CPU
		{5C1D5E59-A330-4C3C-ACFC-1F4980EE0425}.Debug|Any CPU.Build.0 = Debug|Any CPU
		{5C1D5E59-A330-4C3C-ACFC-1F4980EE0425}.Release|Any CPU.ActiveCfg = Release|Any CPU
		{5C1D5E59-A330-4C3C-ACFC-1F4980EE0425}.Release|Any CPU.Build.0 = Release|Any CPU
		{A4798C5F-CF0E-426B-A88F-32D8B1200F90}.Debug|Any CPU.ActiveCfg = Debug|Any CPU
		{A4798C5F-CF0E-426B-A88F-32D8B1200F90}.Debug|Any CPU.Build.0 = Debug|Any CPU
		{A4798C5F-CF0E-426B-A88F-32D8B1200F90}.Release|Any CPU.ActiveCfg = Release|Any CPU
		{A4798C5F-CF0E-426B-A88F-32D8B1200F90}.Release|Any CPU.Build.0 = Release|Any CPU
		{0B8EB695-C16D-4E68-AEEE-7073F1D6BA80}.Debug|Any CPU.ActiveCfg = Debug|Any CPU
		{0B8EB695-C16D-4E68-AEEE-7073F1D6BA80}.Debug|Any CPU.Build.0 = Debug|Any CPU
		{0B8EB695-C16D-4E68-AEEE-7073F1D6BA80}.Release|Any CPU.ActiveCfg = Release|Any CPU
		{0B8EB695-C16D-4E68-AEEE-7073F1D6BA80}.Release|Any CPU.Build.0 = Release|Any CPU
		{47B08FCB-A7F6-4FB9-97AA-EE20BC5CFC2D}.Debug|Any CPU.ActiveCfg = Debug|Any CPU
		{47B08FCB-A7F6-4FB9-97AA-EE20BC5CFC2D}.Debug|Any CPU.Build.0 = Debug|Any CPU
		{47B08FCB-A7F6-4FB9-97AA-EE20BC5CFC2D}.Release|Any CPU.ActiveCfg = Release|Any CPU
		{47B08FCB-A7F6-4FB9-97AA-EE20BC5CFC2D}.Release|Any CPU.Build.0 = Release|Any CPU
		{98A4623F-635F-47BA-841E-7A7016AE99A1}.Debug|Any CPU.ActiveCfg = Debug|Any CPU
		{98A4623F-635F-47BA-841E-7A7016AE99A1}.Debug|Any CPU.Build.0 = Debug|Any CPU
		{98A4623F-635F-47BA-841E-7A7016AE99A1}.Release|Any CPU.ActiveCfg = Release|Any CPU
		{98A4623F-635F-47BA-841E-7A7016AE99A1}.Release|Any CPU.Build.0 = Release|Any CPU
		{74A6AB20-899E-4CDB-80DA-E390EFF46261}.Debug|Any CPU.ActiveCfg = Debug|Any CPU
		{74A6AB20-899E-4CDB-80DA-E390EFF46261}.Debug|Any CPU.Build.0 = Debug|Any CPU
		{74A6AB20-899E-4CDB-80DA-E390EFF46261}.Release|Any CPU.ActiveCfg = Release|Any CPU
		{74A6AB20-899E-4CDB-80DA-E390EFF46261}.Release|Any CPU.Build.0 = Release|Any CPU
		{AB1472E1-8D0C-4B9E-B80C-5B88F784E5A1}.Debug|Any CPU.ActiveCfg = Debug|Any CPU
		{AB1472E1-8D0C-4B9E-B80C-5B88F784E5A1}.Debug|Any CPU.Build.0 = Debug|Any CPU
		{AB1472E1-8D0C-4B9E-B80C-5B88F784E5A1}.Release|Any CPU.ActiveCfg = Release|Any CPU
		{AB1472E1-8D0C-4B9E-B80C-5B88F784E5A1}.Release|Any CPU.Build.0 = Release|Any CPU
	EndGlobalSection
EndGlobal
